
Microsoft Visual Studio Solution File, Format Version 12.00
# Visual Studio Version 17
VisualStudioVersion = 17.5.002.0
MinimumVisualStudioVersion = 10.0.40219.1
Project("{2150E333-8FDC-42A3-9474-1A3956D46DE8}") = "week1", "week1", "{154D0525-F1A0-45CB-B19D-D9A33967B569}"
EndProject
Project("{9A19103F-16F7-4668-BE54-9A1E7A4F7556}") = "HelloC#", "week1\HelloC#\HelloC#.csproj", "{2ECE1107-5A53-4651-9C5F-ED5F99084B80}"
EndProject
Global
	GlobalSection(SolutionConfigurationPlatforms) = preSolution
		Debug|Any CPU = Debug|Any CPU
		Release|Any CPU = Release|Any CPU
	EndGlobalSection
	GlobalSection(ProjectConfigurationPlatforms) = postSolution
		{2ECE1107-5A53-4651-9C5F-ED5F99084B80}.Debug|Any CPU.ActiveCfg = Debug|Any CPU
		{2ECE1107-5A53-4651-9C5F-ED5F99084B80}.Debug|Any CPU.Build.0 = Debug|Any CPU
		{2ECE1107-5A53-4651-9C5F-ED5F99084B80}.Release|Any CPU.ActiveCfg = Release|Any CPU
		{2ECE1107-5A53-4651-9C5F-ED5F99084B80}.Release|Any CPU.Build.0 = Release|Any CPU
	EndGlobalSection
	GlobalSection(SolutionProperties) = preSolution
		HideSolutionNode = FALSE
	EndGlobalSection
	GlobalSection(NestedProjects) = preSolution
		{2ECE1107-5A53-4651-9C5F-ED5F99084B80} = {154D0525-F1A0-45CB-B19D-D9A33967B569}
	EndGlobalSection
	GlobalSection(ExtensibilityGlobals) = postSolution
		SolutionGuid = {D1408000-8BF4-4D1A-8A2D-32C559708B65}
	EndGlobalSection
EndGlobal
